Microsoft Visual Studio Solution File, Format Version 12.00
# Visual Studio Version 17
VisualStudioVersion = 17.5.2.0
MinimumVisualStudioVersion = 10.0.40219.1
Project("{2150E333-8FDC-42A3-9474-1A3956D46DE8}") = "ecom", "ecom", "{97B5A221-0160-12D7-CDC5-D04F7897DCD9}"
EndProject
Project("{FAE04EC0-301F-11D3-BF4B-00C04F79EFBC}") = "backend", "ecom\backend\backend.csproj", "{BD5B94CA-A012-4E9F-7808-7E465BE83E5A}"
EndProject
Global
	GlobalSection(SolutionConfigurationPlatforms) = preSolution
		Debug|Any CPU = Debug|Any CPU
		Release|Any CPU = Release|Any CPU
	EndGlobalSection
	GlobalSection(ProjectConfigurationPlatforms) = postSolution
		{BD5B94CA-A012-4E9F-7808-7E465BE83E5A}.Debug|Any CPU.ActiveCfg = Debug|Any CPU
		{BD5B94CA-A012-4E9F-7808-7E465BE83E5A}.Debug|Any CPU.Build.0 = Debug|Any CPU
		{BD5B94CA-A012-4E9F-7808-7E465BE83E5A}.Release|Any CPU.ActiveCfg = Release|Any CPU
		{BD5B94CA-A012-4E9F-7808-7E465BE83E5A}.Release|Any CPU.Build.0 = Release|Any CPU
	EndGlobalSection
	GlobalSection(SolutionProperties) = preSolution
		HideSolutionNode = FALSE
	EndGlobalSection
	GlobalSection(NestedProjects) = preSolution
		{BD5B94CA-A012-4E9F-7808-7E465BE83E5A} = {97B5A221-0160-12D7-CDC5-D04F7897DCD9}
	EndGlobalSection
	GlobalSection(ExtensibilityGlobals) = postSolution
		SolutionGuid = {B50CC21A-902D-4097-B248-A6A9D25D32DB}
	EndGlobalSection
EndGlobal
